
Microsoft Visual Studio Solution File, Format Version 12.00
# Visual Studio Version 17
VisualStudioVersion = 17.14.36212.18
MinimumVisualStudioVersion = 10.0.40219.1
Project("{FAE04EC0-301F-11D3-BF4B-00C04F79EFBC}") = "UI", "Loyola_ERP\UI.csproj", "{846ECBAF-384D-45F9-A5A9-DD029B3E33EA}"
EndProject
Global
	GlobalSection(SolutionConfigurationPlatforms) = preSolution
		Debug|Any CPU = Debug|Any CPU
		Release|Any CPU = Release|Any CPU
	EndGlobalSection
	GlobalSection(ProjectConfigurationPlatforms) = postSolution
		{846ECBAF-384D-45F9-A5A9-DD029B3E33EA}.Debug|Any CPU.ActiveCfg = Debug|Any CPU
		{846ECBAF-384D-45F9-A5A9-DD029B3E33EA}.Debug|Any CPU.Build.0 = Debug|Any CPU
		{846ECBAF-384D-45F9-A5A9-DD029B3E33EA}.Release|Any CPU.ActiveCfg = Release|Any CPU
		{846ECBAF-384D-45F9-A5A9-DD029B3E33EA}.Release|Any CPU.Build.0 = Release|Any CPU
	EndGlobalSection
	GlobalSection(SolutionProperties) = preSolution
		HideSolutionNode = FALSE
	EndGlobalSection
	GlobalSection(ExtensibilityGlobals) = postSolution
		SolutionGuid = {7D3A26D5-22B9-44A7-BC5C-9B3EE8A9EB48}
	EndGlobalSection
EndGlobal
